// !$*UTF8*$!
{
	archiveVersion = 1;
	classes = {
	};
	objectVersion = 46;
	objects = {

/* Begin PBXBuildFile section */
		227D9B881D346A71004D21EF /* Bluepeer.h in Headers */ = {isa = PBXBuildFile; fileRef = 227D9B871D346A71004D21EF /* Bluepeer.h */; settings = {ATTRIBUTES = (Public, ); }; };
		227D9BA41D346B1A004D21EF /* Bluepeer.storyboard in Resources */ = {isa = PBXBuildFile; fileRef = 227D9B9E1D346B1A004D21EF /* Bluepeer.storyboard */; };
		227D9BA51D346B1A004D21EF /* BluepeerBrowserViewController.swift in Sources */ = {isa = PBXBuildFile; fileRef = 227D9BA01D346B1A004D21EF /* BluepeerBrowserViewController.swift */; };
		227D9BA61D346B1A004D21EF /* BluepeerObject.swift in Sources */ = {isa = PBXBuildFile; fileRef = 227D9BA11D346B1A004D21EF /* BluepeerObject.swift */; };
		227D9BA71D346B1A004D21EF /* BluepeerRowTableViewCell.swift in Sources */ = {isa = PBXBuildFile; fileRef = 227D9BA21D346B1A004D21EF /* BluepeerRowTableViewCell.swift */; };
		227D9BA81D346B1A004D21EF /* MultipeerObject.swift in Sources */ = {isa = PBXBuildFile; fileRef = 227D9BA31D346B1A004D21EF /* MultipeerObject.swift */; };
		22E444B91D359CEB00341986 /* BluepeerNavigationController.swift in Sources */ = {isa = PBXBuildFile; fileRef = 22E444B81D359CEB00341986 /* BluepeerNavigationController.swift */; };
		90C978BCD0225B4ABC0ABF12 /* Pods_Bluepeer.framework in Frameworks */ = {isa = PBXBuildFile; fileRef = DD159EFB85981964A3AD8665 /* Pods_Bluepeer.framework */; };
/* End PBXBuildFile section */

/* Begin PBXFileReference section */
		227D9B841D346A71004D21EF /* Bluepeer.framework */ = {isa = PBXFileReference; explicitFileType = wrapper.framework; includeInIndex = 0; path = Bluepeer.framework; sourceTree = BUILT_PRODUCTS_DIR; };
		227D9B871D346A71004D21EF /* Bluepeer.h */ = {isa = PBXFileReference; lastKnownFileType = sourcecode.c.h; path = Bluepeer.h; sourceTree = "<group>"; };
		227D9B891D346A71004D21EF /* Info.plist */ = {isa = PBXFileReference; lastKnownFileType = text.plist.xml; path = Info.plist; sourceTree = "<group>"; };
		227D9B9E1D346B1A004D21EF /* Bluepeer.storyboard */ = {isa = PBXFileReference; fileEncoding = 4; lastKnownFileType = file.storyboard; path = Bluepeer.storyboard; sourceTree = "<group>"; };
		227D9BA01D346B1A004D21EF /* BluepeerBrowserViewController.swift */ = {isa = PBXFileReference; fileEncoding = 4; lastKnownFileType = sourcecode.swift; path = BluepeerBrowserViewController.swift; sourceTree = "<group>"; };
		227D9BA11D346B1A004D21EF /* BluepeerObject.swift */ = {isa = PBXFileReference; fileEncoding = 4; lastKnownFileType = sourcecode.swift; path = BluepeerObject.swift; sourceTree = "<group>"; };
		227D9BA21D346B1A004D21EF /* BluepeerRowTableViewCell.swift */ = {isa = PBXFileReference; fileEncoding = 4; lastKnownFileType = sourcecode.swift; path = BluepeerRowTableViewCell.swift; sourceTree = "<group>"; };
		227D9BA31D346B1A004D21EF /* MultipeerObject.swift */ = {isa = PBXFileReference; fileEncoding = 4; lastKnownFileType = sourcecode.swift; path = MultipeerObject.swift; sourceTree = "<group>"; };
		22E444B81D359CEB00341986 /* BluepeerNavigationController.swift */ = {isa = PBXFileReference; fileEncoding = 4; lastKnownFileType = sourcecode.swift; path = BluepeerNavigationController.swift; sourceTree = "<group>"; };
		783D9C739CF6C4F81CF18F25 /* Pods-Bluepeer.debug.xcconfig */ = {isa = PBXFileReference; includeInIndex = 1; lastKnownFileType = text.xcconfig; name = "Pods-Bluepeer.debug.xcconfig"; path = "Pods/Target Support Files/Pods-Bluepeer/Pods-Bluepeer.debug.xcconfig"; sourceTree = "<group>"; };
		BBEEB5FC5F87C954979C1B63 /* Pods-Bluepeer.release.xcconfig */ = {isa = PBXFileReference; includeInIndex = 1; lastKnownFileType = text.xcconfig; name = "Pods-Bluepeer.release.xcconfig"; path = "Pods/Target Support Files/Pods-Bluepeer/Pods-Bluepeer.release.xcconfig"; sourceTree = "<group>"; };
		DD159EFB85981964A3AD8665 /* Pods_Bluepeer.framework */ = {isa = PBXFileReference; explicitFileType = wrapper.framework; includeInIndex = 0; path = Pods_Bluepeer.framework; sourceTree = BUILT_PRODUCTS_DIR; };
/* End PBXFileReference section */

/* Begin PBXFrameworksBuildPhase section */
		227D9B801D346A71004D21EF /* Frameworks */ = {
			isa = PBXFrameworksBuildPhase;
			buildActionMask = 2147483647;
			files = (
				90C978BCD0225B4ABC0ABF12 /* Pods_Bluepeer.framework in Frameworks */,
			);
			runOnlyForDeploymentPostprocessing = 0;
		};
/* End PBXFrameworksBuildPhase section */

/* Begin PBXGroup section */
		227D9B7A1D346A71004D21EF = {
			isa = PBXGroup;
			children = (
				227D9B9C1D346B1A004D21EF /* Pod */,
				227D9B861D346A71004D21EF /* Bluepeer */,
				227D9B851D346A71004D21EF /* Products */,
				D704FD03580A4E3F1D1C501A /* Pods */,
				BFBEBA40FBDAAD916356B29B /* Frameworks */,
			);
			sourceTree = "<group>";
		};
		227D9B851D346A71004D21EF /* Products */ = {
			isa = PBXGroup;
			children = (
				227D9B841D346A71004D21EF /* Bluepeer.framework */,
			);
			name = Products;
			sourceTree = "<group>";
		};
		227D9B861D346A71004D21EF /* Bluepeer */ = {
			isa = PBXGroup;
			children = (
				227D9B871D346A71004D21EF /* Bluepeer.h */,
				227D9B891D346A71004D21EF /* Info.plist */,
			);
			path = Bluepeer;
			sourceTree = "<group>";
		};
		227D9B9C1D346B1A004D21EF /* Pod */ = {
			isa = PBXGroup;
			children = (
				227D9B9D1D346B1A004D21EF /* Assets */,
				227D9B9F1D346B1A004D21EF /* Classes */,
			);
			path = Pod;
			sourceTree = "<group>";
		};
		227D9B9D1D346B1A004D21EF /* Assets */ = {
			isa = PBXGroup;
			children = (
				227D9B9E1D346B1A004D21EF /* Bluepeer.storyboard */,
			);
			path = Assets;
			sourceTree = "<group>";
		};
		227D9B9F1D346B1A004D21EF /* Classes */ = {
			isa = PBXGroup;
			children = (
				22E444B81D359CEB00341986 /* BluepeerNavigationController.swift */,
				227D9BA01D346B1A004D21EF /* BluepeerBrowserViewController.swift */,
				227D9BA11D346B1A004D21EF /* BluepeerObject.swift */,
				227D9BA21D346B1A004D21EF /* BluepeerRowTableViewCell.swift */,
				227D9BA31D346B1A004D21EF /* MultipeerObject.swift */,
			);
			path = Classes;
			sourceTree = "<group>";
		};
		BFBEBA40FBDAAD916356B29B /* Frameworks */ = {
			isa = PBXGroup;
			children = (
				DD159EFB85981964A3AD8665 /* Pods_Bluepeer.framework */,
			);
			name = Frameworks;
			sourceTree = "<group>";
		};
		D704FD03580A4E3F1D1C501A /* Pods */ = {
			isa = PBXGroup;
			children = (
				783D9C739CF6C4F81CF18F25 /* Pods-Bluepeer.debug.xcconfig */,
				BBEEB5FC5F87C954979C1B63 /* Pods-Bluepeer.release.xcconfig */,
			);
			name = Pods;
			sourceTree = "<group>";
		};
/* End PBXGroup section */

/* Begin PBXHeadersBuildPhase section */
		227D9B811D346A71004D21EF /* Headers */ = {
			isa = PBXHeadersBuildPhase;
			buildActionMask = 2147483647;
			files = (
				227D9B881D346A71004D21EF /* Bluepeer.h in Headers */,
			);
			runOnlyForDeploymentPostprocessing = 0;
		};
/* End PBXHeadersBuildPhase section */

/* Begin PBXNativeTarget section */
		227D9B831D346A71004D21EF /* Bluepeer */ = {
			isa = PBXNativeTarget;
			buildConfigurationList = 227D9B8C1D346A71004D21EF /* Build configuration list for PBXNativeTarget "Bluepeer" */;
			buildPhases = (
				D0326CA866E96E1FA81E33D0 /* [CP] Check Pods Manifest.lock */,
				227D9B7F1D346A71004D21EF /* Sources */,
				227D9B801D346A71004D21EF /* Frameworks */,
				227D9B811D346A71004D21EF /* Headers */,
				227D9B821D346A71004D21EF /* Resources */,
				8CFCA42EA4A06DE5770634C6 /* [CP] Copy Pods Resources */,
			);
			buildRules = (
			);
			dependencies = (
			);
			name = Bluepeer;
			productName = Bluepeer;
			productReference = 227D9B841D346A71004D21EF /* Bluepeer.framework */;
			productType = "com.apple.product-type.framework";
		};
/* End PBXNativeTarget section */

/* Begin PBXProject section */
		227D9B7B1D346A71004D21EF /* Project object */ = {
			isa = PBXProject;
			attributes = {
				LastUpgradeCheck = 0800;
				ORGANIZATIONNAME = "Tim Carr";
				TargetAttributes = {
					227D9B831D346A71004D21EF = {
						CreatedOnToolsVersion = 7.3.1;
						LastSwiftMigration = 0800;
					};
				};
			};
			buildConfigurationList = 227D9B7E1D346A71004D21EF /* Build configuration list for PBXProject "Bluepeer" */;
			compatibilityVersion = "Xcode 3.2";
			developmentRegion = English;
			hasScannedForEncodings = 0;
			knownRegions = (
				en,
			);
			mainGroup = 227D9B7A1D346A71004D21EF;
			productRefGroup = 227D9B851D346A71004D21EF /* Products */;
			projectDirPath = "";
			projectRoot = "";
			targets = (
				227D9B831D346A71004D21EF /* Bluepeer */,
			);
		};
/* End PBXProject section */

/* Begin PBXResourcesBuildPhase section */
		227D9B821D346A71004D21EF /* Resources */ = {
			isa = PBXResourcesBuildPhase;
			buildActionMask = 2147483647;
			files = (
				227D9BA41D346B1A004D21EF /* Bluepeer.storyboard in Resources */,
			);
			runOnlyForDeploymentPostprocessing = 0;
		};
/* End PBXResourcesBuildPhase section */

/* Begin PBXShellScriptBuildPhase section */
		8CFCA42EA4A06DE5770634C6 /* [CP] Copy Pods Resources */ = {
			isa = PBXShellScriptBuildPhase;
			buildActionMask = 2147483647;
			files = (
			);
			inputPaths = (
			);
			name = "[CP] Copy Pods Resources";
			outputPaths = (
			);
			runOnlyForDeploymentPostprocessing = 0;
			shellPath = /bin/sh;
			shellScript = "\"${SRCROOT}/Pods/Target Support Files/Pods-Bluepeer/Pods-Bluepeer-resources.sh\"\n";
			showEnvVarsInLog = 0;
		};
		D0326CA866E96E1FA81E33D0 /* [CP] Check Pods Manifest.lock */ = {
			isa = PBXShellScriptBuildPhase;
			buildActionMask = 2147483647;
			files = (
			);
			inputPaths = (
			);
			name = "[CP] Check Pods Manifest.lock";
			outputPaths = (
			);
			runOnlyForDeploymentPostprocessing = 0;
			shellPath = /bin/sh;
			shellScript = "diff \"${PODS_ROOT}/../Podfile.lock\" \"${PODS_ROOT}/Manifest.lock\" > /dev/null\nif [ $? != 0 ] ; then\n    # print error to STDERR\n    echo \"error: The sandbox is not in sync with the Podfile.lock. Run 'pod install' or update your CocoaPods installation.\" >&2\n    exit 1\nfi\n";
			showEnvVarsInLog = 0;
		};
/* End PBXShellScriptBuildPhase section */

/* Begin PBXSourcesBuildPhase section */
		227D9B7F1D346A71004D21EF /* Sources */ = {
			isa = PBXSourcesBuildPhase;
			buildActionMask = 2147483647;
			files = (
				227D9BA61D346B1A004D21EF /* BluepeerObject.swift in Sources */,
				227D9BA71D346B1A004D21EF /* BluepeerRowTableViewCell.swift in Sources */,
				227D9BA81D346B1A004D21EF /* MultipeerObject.swift in Sources */,
				22E444B91D359CEB00341986 /* BluepeerNavigationController.swift in Sources */,
				227D9BA51D346B1A004D21EF /* BluepeerBrowserViewController.swift in Sources */,
			);
			runOnlyForDeploymentPostprocessing = 0;
		};
/* End PBXSourcesBuildPhase section */

/* Begin XCBuildConfiguration section */
		227D9B8A1D346A71004D21EF /* Debug */ = {
			isa = XCBuildConfiguration;
			buildSettings = {
				ALWAYS_SEARCH_USER_PATHS = NO;
				CLANG_ANALYZER_NONNULL = YES;
				CLANG_CXX_LANGUAGE_STANDARD = "gnu++0x";
				CLANG_CXX_LIBRARY = "libc++";
				CLANG_ENABLE_MODULES = YES;
				CLANG_ENABLE_OBJC_ARC = YES;
				CLANG_WARN_BOOL_CONVERSION = YES;
				CLANG_WARN_CONSTANT_CONVERSION = YES;
				CLANG_WARN_DIRECT_OBJC_ISA_USAGE = YES_ERROR;
				CLANG_WARN_EMPTY_BODY = YES;
				CLANG_WARN_ENUM_CONVERSION = YES;
				CLANG_WARN_INFINITE_RECURSION = YES;
				CLANG_WARN_INT_CONVERSION = YES;
				CLANG_WARN_OBJC_ROOT_CLASS = YES_ERROR;
				CLANG_WARN_SUSPICIOUS_MOVE = YES;
				CLANG_WARN_UNREACHABLE_CODE = YES;
				CLANG_WARN__DUPLICATE_METHOD_MATCH = YES;
				"CODE_SIGN_IDENTITY[sdk=iphoneos*]" = "iPhone Developer";
				COPY_PHASE_STRIP = NO;
				CURRENT_PROJECT_VERSION = 1;
				DEBUG_INFORMATION_FORMAT = dwarf;
				ENABLE_STRICT_OBJC_MSGSEND = YES;
				ENABLE_TESTABILITY = YES;
				GCC_C_LANGUAGE_STANDARD = gnu99;
				GCC_DYNAMIC_NO_PIC = NO;
				GCC_NO_COMMON_BLOCKS = YES;
				GCC_OPTIMIZATION_LEVEL = 0;
				GCC_PREPROCESSOR_DEFINITIONS = (
					"DEBUG=1",
					"$(inherited)",
				);
				GCC_WARN_64_TO_32_BIT_CONVERSION = YES;
				GCC_WARN_ABOUT_RETURN_TYPE = YES_ERROR;
				GCC_WARN_UNDECLARED_SELECTOR = YES;
				GCC_WARN_UNINITIALIZED_AUTOS = YES_AGGRESSIVE;
				GCC_WARN_UNUSED_FUNCTION = YES;
				GCC_WARN_UNUSED_VARIABLE = YES;
				IPHONEOS_DEPLOYMENT_TARGET = 8.0;
				MTL_ENABLE_DEBUG_INFO = YES;
				ONLY_ACTIVE_ARCH = YES;
				SDKROOT = iphoneos;
				SWIFT_OPTIMIZATION_LEVEL = "-Onone";
				SWIFT_VERSION = 3.0;
				TARGETED_DEVICE_FAMILY = "1,2";
				VERSIONING_SYSTEM = "apple-generic";
				VERSION_INFO_PREFIX = "";
			};
			name = Debug;
		};
		227D9B8B1D346A71004D21EF /* Release */ = {
			isa = XCBuildConfiguration;
			buildSettings = {
				ALWAYS_SEARCH_USER_PATHS = NO;
				CLANG_ANALYZER_NONNULL = YES;
				CLANG_CXX_LANGUAGE_STANDARD = "gnu++0x";
				CLANG_CXX_LIBRARY = "libc++";
				CLANG_ENABLE_MODULES = YES;
				CLANG_ENABLE_OBJC_ARC = YES;
				CLANG_WARN_BOOL_CONVERSION = YES;
				CLANG_WARN_CONSTANT_CONVERSION = YES;
				CLANG_WARN_DIRECT_OBJC_ISA_USAGE = YES_ERROR;
				CLANG_WARN_EMPTY_BODY = YES;
				CLANG_WARN_ENUM_CONVERSION = YES;
				CLANG_WARN_INFINITE_RECURSION = YES;
				CLANG_WARN_INT_CONVERSION = YES;
				CLANG_WARN_OBJC_ROOT_CLASS = YES_ERROR;
				CLANG_WARN_SUSPICIOUS_MOVE = YES;
				CLANG_WARN_UNREACHABLE_CODE = YES;
				CLANG_WARN__DUPLICATE_METHOD_MATCH = YES;
				"CODE_SIGN_IDENTITY[sdk=iphoneos*]" = "iPhone Developer";
				COPY_PHASE_STRIP = NO;
				CURRENT_PROJECT_VERSION = 1;
				DEBUG_INFORMATION_FORMAT = "dwarf-with-dsym";
				ENABLE_NS_ASSERTIONS = NO;
				ENABLE_STRICT_OBJC_MSGSEND = YES;
				GCC_C_LANGUAGE_STANDARD = gnu99;
				GCC_NO_COMMON_BLOCKS = YES;
				GCC_WARN_64_TO_32_BIT_CONVERSION = YES;
				GCC_WARN_ABOUT_RETURN_TYPE = YES_ERROR;
				GCC_WARN_UNDECLARED_SELECTOR = YES;
				GCC_WARN_UNINITIALIZED_AUTOS = YES_AGGRESSIVE;
				GCC_WARN_UNUSED_FUNCTION = YES;
				GCC_WARN_UNUSED_VARIABLE = YES;
				IPHONEOS_DEPLOYMENT_TARGET = 8.0;
				MTL_ENABLE_DEBUG_INFO = NO;
				SDKROOT = iphoneos;
				SWIFT_OPTIMIZATION_LEVEL = "-Owholemodule";
				SWIFT_VERSION = 3.0;
				TARGETED_DEVICE_FAMILY = "1,2";
				VALIDATE_PRODUCT = YES;
				VERSIONING_SYSTEM = "apple-generic";
				VERSION_INFO_PREFIX = "";
			};
			name = Release;
		};
		227D9B8D1D346A71004D21EF /* Debug */ = {
			isa = XCBuildConfiguration;
			baseConfigurationReference = 783D9C739CF6C4F81CF18F25 /* Pods-Bluepeer.debug.xcconfig */;
			buildSettings = {
				"CODE_SIGN_IDENTITY[sdk=iphoneos*]" = "";
				DEFINES_MODULE = YES;
				DYLIB_COMPATIBILITY_VERSION = 1;
				DYLIB_CURRENT_VERSION = 1;
				DYLIB_INSTALL_NAME_BASE = "@rpath";
				INFOPLIST_FILE = Bluepeer/Info.plist;
				INSTALL_PATH = "$(LOCAL_LIBRARY_DIR)/Frameworks";
				LD_RUNPATH_SEARCH_PATHS = "$(inherited) @executable_path/Frameworks @loader_path/Frameworks";
				PRODUCT_BUNDLE_IDENTIFIER = com.xaphod.Bluepeer;
				PRODUCT_NAME = "$(TARGET_NAME)";
				SKIP_INSTALL = YES;
				SWIFT_VERSION = 3.0;
			};
			name = Debug;
		};
		227D9B8E1D346A71004D21EF /* Release */ = {
			isa = XCBuildConfiguration;
			baseConfigurationReference = BBEEB5FC5F87C954979C1B63 /* Pods-Bluepeer.release.xcconfig */;
			buildSettings = {
				"CODE_SIGN_IDENTITY[sdk=iphoneos*]" = "";
				DEFINES_MODULE = YES;
				DYLIB_COMPATIBILITY_VERSION = 1;
				DYLIB_CURRENT_VERSION = 1;
				DYLIB_INSTALL_NAME_BASE = "@rpath";
				INFOPLIST_FILE = Bluepeer/Info.plist;
				INSTALL_PATH = "$(LOCAL_LIBRARY_DIR)/Frameworks";
				LD_RUNPATH_SEARCH_PATHS = "$(inherited) @executable_path/Frameworks @loader_path/Frameworks";
				PRODUCT_BUNDLE_IDENTIFIER = com.xaphod.Bluepeer;
				PRODUCT_NAME = "$(TARGET_NAME)";
				SKIP_INSTALL = YES;
				SWIFT_VERSION = 3.0;
			};
			name = Release;
		};
/* End XCBuildConfiguration section */

/* Begin XCConfigurationList section */
		227D9B7E1D346A71004D21EF /* Build configuration list for PBXProject "Bluepeer" */ = {
			isa = XCConfigurationList;
			buildConfigurations = (
				227D9B8A1D346A71004D21EF /* Debug */,
				227D9B8B1D346A71004D21EF /* Release */,
			);
			defaultConfigurationIsVisible = 0;
			defaultConfigurationName = Release;
		};
		227D9B8C1D346A71004D21EF /* Build configuration list for PBXNativeTarget "Bluepeer" */ = {
			isa = XCConfigurationList;
			buildConfigurations = (
				227D9B8D1D346A71004D21EF /* Debug */,
				227D9B8E1D346A71004D21EF /* Release */,
			);
			defaultConfigurationIsVisible = 0;
			defaultConfigurationName = Release;
		};
/* End XCConfigurationList section */
	};
	rootObject = 227D9B7B1D346A71004D21EF /* Project object */;
}
